// !$*UTF8*$!
{
	archiveVersion = 1;
	classes = {
	};
	objectVersion = 55;
	objects = {

/* Begin PBXBuildFile section */
		5C2E9B9028B4F79700DCAD4C /* Ogg-Bold.ttf in Resources */ = {isa = PBXBuildFile; fileRef = 5C2E9B8F28B4F79700DCAD4C /* Ogg-Bold.ttf */; };
		5C2E9B9228B4F7F800DCAD4C /* SharpSans-Semibold.otf in Resources */ = {isa = PBXBuildFile; fileRef = 5C2E9B9128B4F7F800DCAD4C /* SharpSans-Semibold.otf */; };
		5C2E9B9428B4F80600DCAD4C /* SharpSans-Medium.otf in Resources */ = {isa = PBXBuildFile; fileRef = 5C2E9B9328B4F80600DCAD4C /* SharpSans-Medium.otf */; };
		5C2E9B9728B4FB2400DCAD4C /* LoginViewController.swift in Sources */ = {isa = PBXBuildFile; fileRef = 5C2E9B9628B4FB2400DCAD4C /* LoginViewController.swift */; };
		5C598B0228B4B77400B5416E /* AppDelegate.swift in Sources */ = {isa = PBXBuildFile; fileRef = 5C598B0128B4B77400B5416E /* AppDelegate.swift */; };
		5C598B0428B4B77400B5416E /* SceneDelegate.swift in Sources */ = {isa = PBXBuildFile; fileRef = 5C598B0328B4B77400B5416E /* SceneDelegate.swift */; };
		5C598B0628B4B77400B5416E /* OnboardingViewController.swift in Sources */ = {isa = PBXBuildFile; fileRef = 5C598B0528B4B77400B5416E /* OnboardingViewController.swift */; };
		5C598B0B28B4B77400B5416E /* Assets.xcassets in Resources */ = {isa = PBXBuildFile; fileRef = 5C598B0A28B4B77400B5416E /* Assets.xcassets */; };
		5C598B0E28B4B77400B5416E /* LaunchScreen.storyboard in Resources */ = {isa = PBXBuildFile; fileRef = 5C598B0C28B4B77400B5416E /* LaunchScreen.storyboard */; };
		5C598B1C28B4BA2F00B5416E /* UILayout.swift in Sources */ = {isa = PBXBuildFile; fileRef = 5C598B1B28B4BA2F00B5416E /* UILayout.swift */; };
		5C598B1E28B4BCCB00B5416E /* OnboardingCell.swift in Sources */ = {isa = PBXBuildFile; fileRef = 5C598B1D28B4BCCB00B5416E /* OnboardingCell.swift */; };
		5C598B2028B4C0B800B5416E /* OnboardingVC+CollectionViewDelegates.swift in Sources */ = {isa = PBXBuildFile; fileRef = 5C598B1F28B4C0B800B5416E /* OnboardingVC+CollectionViewDelegates.swift */; };
		5C598B2228B4C27300B5416E /* OnboardingSlide.swift in Sources */ = {isa = PBXBuildFile; fileRef = 5C598B2128B4C27300B5416E /* OnboardingSlide.swift */; };
/* End PBXBuildFile section */

/* Begin PBXFileReference section */
		5C2E9B8F28B4F79700DCAD4C /* Ogg-Bold.ttf */ = {isa = PBXFileReference; lastKnownFileType = file; path = "Ogg-Bold.ttf"; sourceTree = "<group>"; };
		5C2E9B9128B4F7F800DCAD4C /* SharpSans-Semibold.otf */ = {isa = PBXFileReference; lastKnownFileType = file; path = "SharpSans-Semibold.otf"; sourceTree = "<group>"; };
		5C2E9B9328B4F80600DCAD4C /* SharpSans-Medium.otf */ = {isa = PBXFileReference; lastKnownFileType = file; path = "SharpSans-Medium.otf"; sourceTree = "<group>"; };
		5C2E9B9628B4FB2400DCAD4C /* LoginViewController.swift */ = {isa = PBXFileReference; lastKnownFileType = sourcecode.swift; path = LoginViewController.swift; sourceTree = "<group>"; };
		5C598AFE28B4B77400B5416E /* SneakerList.app */ = {isa = PBXFileReference; explicitFileType = wrapper.application; includeInIndex = 0; path = SneakerList.app; sourceTree = BUILT_PRODUCTS_DIR; };
		5C598B0128B4B77400B5416E /* AppDelegate.swift */ = {isa = PBXFileReference; lastKnownFileType = sourcecode.swift; path = AppDelegate.swift; sourceTree = "<group>"; };
		5C598B0328B4B77400B5416E /* SceneDelegate.swift */ = {isa = PBXFileReference; lastKnownFileType = sourcecode.swift; path = SceneDelegate.swift; sourceTree = "<group>"; };
		5C598B0528B4B77400B5416E /* OnboardingViewController.swift */ = {isa = PBXFileReference; lastKnownFileType = sourcecode.swift; path = OnboardingViewController.swift; sourceTree = "<group>"; };
		5C598B0A28B4B77400B5416E /* Assets.xcassets */ = {isa = PBXFileReference; lastKnownFileType = folder.assetcatalog; path = Assets.xcassets; sourceTree = "<group>"; };
		5C598B0D28B4B77400B5416E /* Base */ = {isa = PBXFileReference; lastKnownFileType = file.storyboard; name = Base; path = Base.lproj/LaunchScreen.storyboard; sourceTree = "<group>"; };
		5C598B0F28B4B77400B5416E /* Info.plist */ = {isa = PBXFileReference; lastKnownFileType = text.plist.xml; path = Info.plist; sourceTree = "<group>"; };
		5C598B1B28B4BA2F00B5416E /* UILayout.swift */ = {isa = PBXFileReference; lastKnownFileType = sourcecode.swift; path = UILayout.swift; sourceTree = "<group>"; };
		5C598B1D28B4BCCB00B5416E /* OnboardingCell.swift */ = {isa = PBXFileReference; lastKnownFileType = sourcecode.swift; path = OnboardingCell.swift; sourceTree = "<group>"; };
		5C598B1F28B4C0B800B5416E /* OnboardingVC+CollectionViewDelegates.swift */ = {isa = PBXFileReference; lastKnownFileType = sourcecode.swift; path = "OnboardingVC+CollectionViewDelegates.swift"; sourceTree = "<group>"; };
		5C598B2128B4C27300B5416E /* OnboardingSlide.swift */ = {isa = PBXFileReference; lastKnownFileType = sourcecode.swift; path = OnboardingSlide.swift; sourceTree = "<group>"; };
/* End PBXFileReference section */

/* Begin PBXFrameworksBuildPhase section */
		5C598AFB28B4B77400B5416E /* Frameworks */ = {
			isa = PBXFrameworksBuildPhase;
			buildActionMask = 2147483647;
			files = (
			);
			runOnlyForDeploymentPostprocessing = 0;
		};
/* End PBXFrameworksBuildPhase section */

/* Begin PBXGroup section */
		5C2E9B9528B4F82000DCAD4C /* Fonts */ = {
			isa = PBXGroup;
			children = (
				5C2E9B8F28B4F79700DCAD4C /* Ogg-Bold.ttf */,
				5C2E9B9328B4F80600DCAD4C /* SharpSans-Medium.otf */,
				5C2E9B9128B4F7F800DCAD4C /* SharpSans-Semibold.otf */,
			);
			path = Fonts;
			sourceTree = "<group>";
		};
		5C598AF528B4B77400B5416E = {
			isa = PBXGroup;
			children = (
				5C598B0028B4B77400B5416E /* SneakerList */,
				5C598AFF28B4B77400B5416E /* Products */,
			);
			sourceTree = "<group>";
		};
		5C598AFF28B4B77400B5416E /* Products */ = {
			isa = PBXGroup;
			children = (
				5C598AFE28B4B77400B5416E /* SneakerList.app */,
			);
			name = Products;
			sourceTree = "<group>";
		};
		5C598B0028B4B77400B5416E /* SneakerList */ = {
			isa = PBXGroup;
			children = (
				5C598B1528B4B78C00B5416E /* AppDelegate */,
				5C598B2328B4C27800B5416E /* Models */,
				5C598B1728B4B79B00B5416E /* Views */,
				5C598B1628B4B79400B5416E /* Controllers */,
				5C598B0A28B4B77400B5416E /* Assets.xcassets */,
				5C2E9B9528B4F82000DCAD4C /* Fonts */,
				5C598B0F28B4B77400B5416E /* Info.plist */,
			);
			path = SneakerList;
			sourceTree = "<group>";
		};
		5C598B1528B4B78C00B5416E /* AppDelegate */ = {
			isa = PBXGroup;
			children = (
				5C598B0128B4B77400B5416E /* AppDelegate.swift */,
				5C598B0328B4B77400B5416E /* SceneDelegate.swift */,
			);
			path = AppDelegate;
			sourceTree = "<group>";
		};
		5C598B1628B4B79400B5416E /* Controllers */ = {
			isa = PBXGroup;
			children = (
				5C598B0528B4B77400B5416E /* OnboardingViewController.swift */,
				5C598B1F28B4C0B800B5416E /* OnboardingVC+CollectionViewDelegates.swift */,
				5C2E9B9628B4FB2400DCAD4C /* LoginViewController.swift */,
			);
			path = Controllers;
			sourceTree = "<group>";
		};
		5C598B1728B4B79B00B5416E /* Views */ = {
			isa = PBXGroup;
			children = (
				5C598B0C28B4B77400B5416E /* LaunchScreen.storyboard */,
				5C598B1B28B4BA2F00B5416E /* UILayout.swift */,
				5C598B1D28B4BCCB00B5416E /* OnboardingCell.swift */,
			);
			path = Views;
			sourceTree = "<group>";
		};
		5C598B2328B4C27800B5416E /* Models */ = {
			isa = PBXGroup;
			children = (
				5C598B2128B4C27300B5416E /* OnboardingSlide.swift */,
			);
			path = Models;
			sourceTree = "<group>";
		};
/* End PBXGroup section */

/* Begin PBXNativeTarget section */
		5C598AFD28B4B77400B5416E /* SneakerList */ = {
			isa = PBXNativeTarget;
			buildConfigurationList = 5C598B1228B4B77400B5416E /* Build configuration list for PBXNativeTarget "SneakerList" */;
			buildPhases = (
				5C598AFA28B4B77400B5416E /* Sources */,
				5C598AFB28B4B77400B5416E /* Frameworks */,
				5C598AFC28B4B77400B5416E /* Resources */,
			);
			buildRules = (
			);
			dependencies = (
			);
			name = SneakerList;
			productName = SneakerList;
			productReference = 5C598AFE28B4B77400B5416E /* SneakerList.app */;
			productType = "com.apple.product-type.application";
		};
/* End PBXNativeTarget section */

/* Begin PBXProject section */
		5C598AF628B4B77400B5416E /* Project object */ = {
			isa = PBXProject;
			attributes = {
				BuildIndependentTargetsInParallel = 1;
				LastSwiftUpdateCheck = 1340;
				LastUpgradeCheck = 1340;
				TargetAttributes = {
					5C598AFD28B4B77400B5416E = {
						CreatedOnToolsVersion = 13.4.1;
					};
				};
			};
			buildConfigurationList = 5C598AF928B4B77400B5416E /* Build configuration list for PBXProject "SneakerList" */;
			compatibilityVersion = "Xcode 13.0";
			developmentRegion = en;
			hasScannedForEncodings = 0;
			knownRegions = (
				en,
				Base,
			);
			mainGroup = 5C598AF528B4B77400B5416E;
			productRefGroup = 5C598AFF28B4B77400B5416E /* Products */;
			projectDirPath = "";
			projectRoot = "";
			targets = (
				5C598AFD28B4B77400B5416E /* SneakerList */,
			);
		};
/* End PBXProject section */

/* Begin PBXResourcesBuildPhase section */
		5C598AFC28B4B77400B5416E /* Resources */ = {
			isa = PBXResourcesBuildPhase;
			buildActionMask = 2147483647;
			files = (
				5C2E9B9228B4F7F800DCAD4C /* SharpSans-Semibold.otf in Resources */,
				5C598B0E28B4B77400B5416E /* LaunchScreen.storyboard in Resources */,
				5C2E9B9428B4F80600DCAD4C /* SharpSans-Medium.otf in Resources */,
				5C2E9B9028B4F79700DCAD4C /* Ogg-Bold.ttf in Resources */,
				5C598B0B28B4B77400B5416E /* Assets.xcassets in Resources */,
			);
			runOnlyForDeploymentPostprocessing = 0;
		};
/* End PBXResourcesBuildPhase section */

/* Begin PBXSourcesBuildPhase section */
		5C598AFA28B4B77400B5416E /* Sources */ = {
			isa = PBXSourcesBuildPhase;
			buildActionMask = 2147483647;
			files = (
				5C598B2228B4C27300B5416E /* OnboardingSlide.swift in Sources */,
				5C598B1C28B4BA2F00B5416E /* UILayout.swift in Sources */,
				5C598B1E28B4BCCB00B5416E /* OnboardingCell.swift in Sources */,
				5C598B0628B4B77400B5416E /* OnboardingViewController.swift in Sources */,
				5C2E9B9728B4FB2400DCAD4C /* LoginViewController.swift in Sources */,
				5C598B2028B4C0B800B5416E /* OnboardingVC+CollectionViewDelegates.swift in Sources */,
				5C598B0228B4B77400B5416E /* AppDelegate.swift in Sources */,
				5C598B0428B4B77400B5416E /* SceneDelegate.swift in Sources */,
			);
			runOnlyForDeploymentPostprocessing = 0;
		};
/* End PBXSourcesBuildPhase section */

/* Begin PBXVariantGroup section */
		5C598B0C28B4B77400B5416E /* LaunchScreen.storyboard */ = {
			isa = PBXVariantGroup;
			children = (
				5C598B0D28B4B77400B5416E /* Base */,
			);
			name = LaunchScreen.storyboard;
			sourceTree = "<group>";
		};
/* End PBXVariantGroup section */

/* Begin XCBuildConfiguration section */
		5C598B1028B4B77400B5416E /* Debug */ = {
			isa = XCBuildConfiguration;
			buildSettings = {
				ALWAYS_SEARCH_USER_PATHS = NO;
				CLANG_ANALYZER_NONNULL = YES;
				CLANG_ANALYZER_NUMBER_OBJECT_CONVERSION = YES_AGGRESSIVE;
				CLANG_CXX_LANGUAGE_STANDARD = "gnu++17";
				CLANG_ENABLE_MODULES = YES;
				CLANG_ENABLE_OBJC_ARC = YES;
				CLANG_ENABLE_OBJC_WEAK = YES;
				CLANG_WARN_BLOCK_CAPTURE_AUTORELEASING = YES;
				CLANG_WARN_BOOL_CONVERSION = YES;
				CLANG_WARN_COMMA = YES;
				CLANG_WARN_CONSTANT_CONVERSION = YES;
				CLANG_WARN_DEPRECATED_OBJC_IMPLEMENTATIONS = YES;
				CLANG_WARN_DIRECT_OBJC_ISA_USAGE = YES_ERROR;
				CLANG_WARN_DOCUMENTATION_COMMENTS = YES;
				CLANG_WARN_EMPTY_BODY = YES;
				CLANG_WARN_ENUM_CONVERSION = YES;
				CLANG_WARN_INFINITE_RECURSION = YES;
				CLANG_WARN_INT_CONVERSION = YES;
				CLANG_WARN_NON_LITERAL_NULL_CONVERSION = YES;
				CLANG_WARN_OBJC_IMPLICIT_RETAIN_SELF = YES;
				CLANG_WARN_OBJC_LITERAL_CONVERSION = YES;
				CLANG_WARN_OBJC_ROOT_CLASS = YES_ERROR;
				CLANG_WARN_QUOTED_INCLUDE_IN_FRAMEWORK_HEADER = YES;
				CLANG_WARN_RANGE_LOOP_ANALYSIS = YES;
				CLANG_WARN_STRICT_PROTOTYPES = YES;
				CLANG_WARN_SUSPICIOUS_MOVE = YES;
				CLANG_WARN_UNGUARDED_AVAILABILITY = YES_AGGRESSIVE;
				CLANG_WARN_UNREACHABLE_CODE = YES;
				CLANG_WARN__DUPLICATE_METHOD_MATCH = YES;
				COPY_PHASE_STRIP = NO;
				DEBUG_INFORMATION_FORMAT = dwarf;
				ENABLE_STRICT_OBJC_MSGSEND = YES;
				ENABLE_TESTABILITY = YES;
				GCC_C_LANGUAGE_STANDARD = gnu11;
				GCC_DYNAMIC_NO_PIC = NO;
				GCC_NO_COMMON_BLOCKS = YES;
				GCC_OPTIMIZATION_LEVEL = 0;
				GCC_PREPROCESSOR_DEFINITIONS = (
					"DEBUG=1",
					"$(inherited)",
				);
				GCC_WARN_64_TO_32_BIT_CONVERSION = YES;
				GCC_WARN_ABOUT_RETURN_TYPE = YES_ERROR;
				GCC_WARN_UNDECLARED_SELECTOR = YES;
				GCC_WARN_UNINITIALIZED_AUTOS = YES_AGGRESSIVE;
				GCC_WARN_UNUSED_FUNCTION = YES;
				GCC_WARN_UNUSED_VARIABLE = YES;
				IPHONEOS_DEPLOYMENT_TARGET = 15.5;
				MTL_ENABLE_DEBUG_INFO = INCLUDE_SOURCE;
				MTL_FAST_MATH = YES;
				ONLY_ACTIVE_ARCH = YES;
				SDKROOT = iphoneos;
				SWIFT_ACTIVE_COMPILATION_CONDITIONS = DEBUG;
				SWIFT_OPTIMIZATION_LEVEL = "-Onone";
			};
			name = Debug;
		};
		5C598B1128B4B77400B5416E /* Release */ = {
			isa = XCBuildConfiguration;
			buildSettings = {
				ALWAYS_SEARCH_USER_PATHS = NO;
				CLANG_ANALYZER_NONNULL = YES;
				CLANG_ANALYZER_NUMBER_OBJECT_CONVERSION = YES_AGGRESSIVE;
				CLANG_CXX_LANGUAGE_STANDARD = "gnu++17";
				CLANG_ENABLE_MODULES = YES;
				CLANG_ENABLE_OBJC_ARC = YES;
				CLANG_ENABLE_OBJC_WEAK = YES;
				CLANG_WARN_BLOCK_CAPTURE_AUTORELEASING = YES;
				CLANG_WARN_BOOL_CONVERSION = YES;
				CLANG_WARN_COMMA = YES;
				CLANG_WARN_CONSTANT_CONVERSION = YES;
				CLANG_WARN_DEPRECATED_OBJC_IMPLEMENTATIONS = YES;
				CLANG_WARN_DIRECT_OBJC_ISA_USAGE = YES_ERROR;
				CLANG_WARN_DOCUMENTATION_COMMENTS = YES;
				CLANG_WARN_EMPTY_BODY = YES;
				CLANG_WARN_ENUM_CONVERSION = YES;
				CLANG_WARN_INFINITE_RECURSION = YES;
				CLANG_WARN_INT_CONVERSION = YES;
				CLANG_WARN_NON_LITERAL_NULL_CONVERSION = YES;
				CLANG_WARN_OBJC_IMPLICIT_RETAIN_SELF = YES;
				CLANG_WARN_OBJC_LITERAL_CONVERSION = YES;
				CLANG_WARN_OBJC_ROOT_CLASS = YES_ERROR;
				CLANG_WARN_QUOTED_INCLUDE_IN_FRAMEWORK_HEADER = YES;
				CLANG_WARN_RANGE_LOOP_ANALYSIS = YES;
				CLANG_WARN_STRICT_PROTOTYPES = YES;
				CLANG_WARN_SUSPICIOUS_MOVE = YES;
				CLANG_WARN_UNGUARDED_AVAILABILITY = YES_AGGRESSIVE;
				CLANG_WARN_UNREACHABLE_CODE = YES;
				CLANG_WARN__DUPLICATE_METHOD_MATCH = YES;
				COPY_PHASE_STRIP = NO;
				DEBUG_INFORMATION_FORMAT = "dwarf-with-dsym";
				ENABLE_NS_ASSERTIONS = NO;
				ENABLE_STRICT_OBJC_MSGSEND = YES;
				GCC_C_LANGUAGE_STANDARD = gnu11;
				GCC_NO_COMMON_BLOCKS = YES;
				GCC_WARN_64_TO_32_BIT_CONVERSION = YES;
				GCC_WARN_ABOUT_RETURN_TYPE = YES_ERROR;
				GCC_WARN_UNDECLARED_SELECTOR = YES;
				GCC_WARN_UNINITIALIZED_AUTOS = YES_AGGRESSIVE;
				GCC_WARN_UNUSED_FUNCTION = YES;
				GCC_WARN_UNUSED_VARIABLE = YES;
				IPHONEOS_DEPLOYMENT_TARGET = 15.5;
				MTL_ENABLE_DEBUG_INFO = NO;
				MTL_FAST_MATH = YES;
				SDKROOT = iphoneos;
				SWIFT_COMPILATION_MODE = wholemodule;
				SWIFT_OPTIMIZATION_LEVEL = "-O";
				VALIDATE_PRODUCT = YES;
			};
			name = Release;
		};
		5C598B1328B4B77400B5416E /* Debug */ = {
			isa = XCBuildConfiguration;
			buildSettings = {
				ASSETCATALOG_COMPILER_APPICON_NAME = AppIcon;
				ASSETCATALOG_COMPILER_GLOBAL_ACCENT_COLOR_NAME = AccentColor;
				CODE_SIGN_STYLE = Automatic;
				CURRENT_PROJECT_VERSION = 1;
				DEVELOPMENT_TEAM = 34LPHPDCF6;
				GENERATE_INFOPLIST_FILE = YES;
				INFOPLIST_FILE = SneakerList/Info.plist;
				INFOPLIST_KEY_UIApplicationSupportsIndirectInputEvents = YES;
				INFOPLIST_KEY_UILaunchStoryboardName = LaunchScreen;
				INFOPLIST_KEY_UISupportedInterfaceOrientations = UIInterfaceOrientationPortrait;
				INFOPLIST_KEY_UISupportedInterfaceOrientations_iPad = "UIInterfaceOrientationPortrait UIInterfaceOrientationPortraitUpsideDown UIInterfaceOrientationLandscapeLeft UIInterfaceOrientationLandscapeRight";
				INFOPLIST_KEY_UISupportedInterfaceOrientations_iPhone = "UIInterfaceOrientationPortrait UIInterfaceOrientationLandscapeLeft UIInterfaceOrientationLandscapeRight";
				LD_RUNPATH_SEARCH_PATHS = (
					"$(inherited)",
					"@executable_path/Frameworks",
				);
				MARKETING_VERSION = 1.0;
				PRODUCT_BUNDLE_IDENTIFIER = com.daniyar.SneakerList;
				PRODUCT_NAME = "$(TARGET_NAME)";
				SWIFT_EMIT_LOC_STRINGS = YES;
				SWIFT_VERSION = 5.0;
				TARGETED_DEVICE_FAMILY = "1,2";
			};
			name = Debug;
		};
		5C598B1428B4B77400B5416E /* Release */ = {
			isa = XCBuildConfiguration;
			buildSettings = {
				ASSETCATALOG_COMPILER_APPICON_NAME = AppIcon;
				ASSETCATALOG_COMPILER_GLOBAL_ACCENT_COLOR_NAME = AccentColor;
				CODE_SIGN_STYLE = Automatic;
				CURRENT_PROJECT_VERSION = 1;
				DEVELOPMENT_TEAM = 34LPHPDCF6;
				GENERATE_INFOPLIST_FILE = YES;
				INFOPLIST_FILE = SneakerList/Info.plist;
				INFOPLIST_KEY_UIApplicationSupportsIndirectInputEvents = YES;
				INFOPLIST_KEY_UILaunchStoryboardName = LaunchScreen;
				INFOPLIST_KEY_UISupportedInterfaceOrientations = UIInterfaceOrientationPortrait;
				INFOPLIST_KEY_UISupportedInterfaceOrientations_iPad = "UIInterfaceOrientationPortrait UIInterfaceOrientationPortraitUpsideDown UIInterfaceOrientationLandscapeLeft UIInterfaceOrientationLandscapeRight";
				INFOPLIST_KEY_UISupportedInterfaceOrientations_iPhone = "UIInterfaceOrientationPortrait UIInterfaceOrientationLandscapeLeft UIInterfaceOrientationLandscapeRight";
				LD_RUNPATH_SEARCH_PATHS = (
					"$(inherited)",
					"@executable_path/Frameworks",
				);
				MARKETING_VERSION = 1.0;
				PRODUCT_BUNDLE_IDENTIFIER = com.daniyar.SneakerList;
				PRODUCT_NAME = "$(TARGET_NAME)";
				SWIFT_EMIT_LOC_STRINGS = YES;
				SWIFT_VERSION = 5.0;
				TARGETED_DEVICE_FAMILY = "1,2";
			};
			name = Release;
		};
/* End XCBuildConfiguration section */

/* Begin XCConfigurationList section */
		5C598AF928B4B77400B5416E /* Build configuration list for PBXProject "SneakerList" */ = {
			isa = XCConfigurationList;
			buildConfigurations = (
				5C598B1028B4B77400B5416E /* Debug */,
				5C598B1128B4B77400B5416E /* Release */,
			);
			defaultConfigurationIsVisible = 0;
			defaultConfigurationName = Release;
		};
		5C598B1228B4B77400B5416E /* Build configuration list for PBXNativeTarget "SneakerList" */ = {
			isa = XCConfigurationList;
			buildConfigurations = (
				5C598B1328B4B77400B5416E /* Debug */,
				5C598B1428B4B77400B5416E /* Release */,
			);
			defaultConfigurationIsVisible = 0;
			defaultConfigurationName = Release;
		};
/* End XCConfigurationList section */
	};
	rootObject = 5C598AF628B4B77400B5416E /* Project object */;
}
